
Microsoft Visual Studio Solution File, Format Version 12.00
# Visual Studio Version 16
VisualStudioVersion = 16.0.31624.102
MinimumVisualStudioVersion = 10.0.40219.1
Project("{8BC9CEB8-8B4A-11D0-8D11-00A0C91BC942}") = "up2060082", "up2060082.vcxproj", "{4BE036B9-7EE0-4052-BEC3-92C4106B69F3}"
EndProject
Global
	GlobalSection(SolutionConfigurationPlatforms) = preSolution
		Debug|x64 = Debug|x64
		Debug|x86 = Debug|x86
		Release|x64 = Release|x64
		Release|x86 = Release|x86
	EndGlobalSection
	GlobalSection(ProjectConfigurationPlatforms) = postSolution
		{4BE036B9-7EE0-4052-BEC3-92C4106B69F3}.Debug|x64.ActiveCfg = Debug|x64
		{4BE036B9-7EE0-4052-BEC3-92C4106B69F3}.Debug|x64.Build.0 = Debug|x64
		{4BE036B9-7EE0-4052-BEC3-92C4106B69F3}.Debug|x86.ActiveCfg = Debug|Win32
		{4BE036B9-7EE0-4052-BEC3-92C4106B69F3}.Debug|x86.Build.0 = Debug|Win32
		{4BE036B9-7EE0-4052-BEC3-92C4106B69F3}.Release|x64.ActiveCfg = Release|x64
		{4BE036B9-7EE0-4052-BEC3-92C4106B69F3}.Release|x64.Build.0 = Release|x64
		{4BE036B9-7EE0-4052-BEC3-92C4106B69F3}.Release|x86.ActiveCfg = Release|Win32
		{4BE036B9-7EE0-4052-BEC3-92C4106B69F3}.Release|x86.Build.0 = Release|Win32
	EndGlobalSection
	GlobalSection(SolutionProperties) = preSolution
		HideSolutionNode = FALSE
	EndGlobalSection
	GlobalSection(ExtensibilityGlobals) = postSolution
		SolutionGuid = {F115CB66-C6DD-4D48-8B1E-1720DF7C4440}
	EndGlobalSection
EndGlobal
